// !$*UTF8*$!
{
	archiveVersion = 1;
	classes = {
	};
	objectVersion = 56;
	objects = {

/* Begin PBXBuildFile section */
		3E14A45B2B44568E00E344A1 /* League.swift in Sources */ = {isa = PBXBuildFile; fileRef = 3E14A45A2B44568E00E344A1 /* League.swift */; };
		3E14A45D2B44570E00E344A1 /* LeagueService.swift in Sources */ = {isa = PBXBuildFile; fileRef = 3E14A45C2B44570E00E344A1 /* LeagueService.swift */; };
		3E14A45F2B44616500E344A1 /* Contest.swift in Sources */ = {isa = PBXBuildFile; fileRef = 3E14A45E2B44616500E344A1 /* Contest.swift */; };
		3E14A4612B44662400E344A1 /* ContestService.swift in Sources */ = {isa = PBXBuildFile; fileRef = 3E14A4602B44662400E344A1 /* ContestService.swift */; };
		3E411AC82B3EFC5000018750 /* User.swift in Sources */ = {isa = PBXBuildFile; fileRef = 3E411AC72B3EFC5000018750 /* User.swift */; };
		3E411ACA2B3EFF9600018750 /* UserService.swift in Sources */ = {isa = PBXBuildFile; fileRef = 3E411AC92B3EFF9600018750 /* UserService.swift */; };
		3E411ACC2B3F075700018750 /* BetComponent.swift in Sources */ = {isa = PBXBuildFile; fileRef = 3E411ACB2B3F075700018750 /* BetComponent.swift */; };
		3E51AD062B3C5FD10059E23C /* nflOddsData.json in Resources */ = {isa = PBXBuildFile; fileRef = 3E51AD052B3C5FD10059E23C /* nflOddsData.json */; };
		3E51AD082B3C7E170059E23C /* Preview.swift in Sources */ = {isa = PBXBuildFile; fileRef = 3E51AD072B3C7E170059E23C /* Preview.swift */; };
		3E51AD0A2B3C88AA0059E23C /* GoogleService-Info.plist in Resources */ = {isa = PBXBuildFile; fileRef = 3E51AD092B3C88AA0059E23C /* GoogleService-Info.plist */; };
		3E51AD0D2B3C89510059E23C /* FirebaseAuth in Frameworks */ = {isa = PBXBuildFile; productRef = 3E51AD0C2B3C89510059E23C /* FirebaseAuth */; };
		3E51AD0F2B3C89510059E23C /* FirebaseDatabase in Frameworks */ = {isa = PBXBuildFile; productRef = 3E51AD0E2B3C89510059E23C /* FirebaseDatabase */; };
		3E51AD112B3C89510059E23C /* FirebaseDatabaseSwift in Frameworks */ = {isa = PBXBuildFile; productRef = 3E51AD102B3C89510059E23C /* FirebaseDatabaseSwift */; };
		3E51AD132B3C89510059E23C /* FirebaseFirestore in Frameworks */ = {isa = PBXBuildFile; productRef = 3E51AD122B3C89510059E23C /* FirebaseFirestore */; };
		3E51AD152B3C89510059E23C /* FirebaseFirestoreSwift in Frameworks */ = {isa = PBXBuildFile; productRef = 3E51AD142B3C89510059E23C /* FirebaseFirestoreSwift */; };
		3E51AD172B3C89510059E23C /* FirebaseFunctions in Frameworks */ = {isa = PBXBuildFile; productRef = 3E51AD162B3C89510059E23C /* FirebaseFunctions */; };
		3E5C23232B3CAB6000B642BB /* FirebaseManager.swift in Sources */ = {isa = PBXBuildFile; fileRef = 3E5C23222B3CAB6000B642BB /* FirebaseManager.swift */; };
		3E5C23272B3CBD1D00B642BB /* nflScoresData.json in Resources */ = {isa = PBXBuildFile; fileRef = 3E5C23262B3CBD1D00B642BB /* nflScoresData.json */; };
		3E5C23292B3CC4B200B642BB /* ScoreService.swift in Sources */ = {isa = PBXBuildFile; fileRef = 3E5C23282B3CC4B200B642BB /* ScoreService.swift */; };
		3E5C232B2B3CC98500B642BB /* Score.swift in Sources */ = {isa = PBXBuildFile; fileRef = 3E5C232A2B3CC98500B642BB /* Score.swift */; };
		3E7F09382B47097900704D26 /* TextField.swift in Sources */ = {isa = PBXBuildFile; fileRef = 3E7F09372B47097900704D26 /* TextField.swift */; };
		3E9256A12B3E02E80088E501 /* LochnessTests.swift in Sources */ = {isa = PBXBuildFile; fileRef = 3E9256A02B3E02E80088E501 /* LochnessTests.swift */; };
		3E9256A62B3E03160088E501 /* GameServiceTests.swift in Sources */ = {isa = PBXBuildFile; fileRef = 3E9256A52B3E03160088E501 /* GameServiceTests.swift */; };
		3E9256AD2B3E52520088E501 /* Helpers.swift in Sources */ = {isa = PBXBuildFile; fileRef = 3E9256AC2B3E52520088E501 /* Helpers.swift */; };
		3E9874182B37159E00A8FAF1 /* LochnessApp.swift in Sources */ = {isa = PBXBuildFile; fileRef = 3E9874172B37159E00A8FAF1 /* LochnessApp.swift */; };
		3E98741C2B37159F00A8FAF1 /* Assets.xcassets in Resources */ = {isa = PBXBuildFile; fileRef = 3E98741B2B37159F00A8FAF1 /* Assets.xcassets */; };
		3E98741F2B37159F00A8FAF1 /* Preview Assets.xcassets in Resources */ = {isa = PBXBuildFile; fileRef = 3E98741E2B37159F00A8FAF1 /* Preview Assets.xcassets */; };
		3E9874262B3715E900A8FAF1 /* HomeView.swift in Sources */ = {isa = PBXBuildFile; fileRef = 3E9874252B3715E900A8FAF1 /* HomeView.swift */; };
		3E9874282B37160400A8FAF1 /* HomeViewModel.swift in Sources */ = {isa = PBXBuildFile; fileRef = 3E9874272B37160400A8FAF1 /* HomeViewModel.swift */; };
		3E98742A2B37162900A8FAF1 /* GameService.swift in Sources */ = {isa = PBXBuildFile; fileRef = 3E9874292B37162900A8FAF1 /* GameService.swift */; };
		3E98742C2B37165400A8FAF1 /* Game.swift in Sources */ = {isa = PBXBuildFile; fileRef = 3E98742B2B37165400A8FAF1 /* Game.swift */; };
		3E98742E2B37168C00A8FAF1 /* NetworkingManager.swift in Sources */ = {isa = PBXBuildFile; fileRef = 3E98742D2B37168C00A8FAF1 /* NetworkingManager.swift */; };
		3EB098162B4EF257001EB346 /* Betslip.swift in Sources */ = {isa = PBXBuildFile; fileRef = 3EB098152B4EF257001EB346 /* Betslip.swift */; };
		3EB0981A2B4F58FF001EB346 /* Binding.swift in Sources */ = {isa = PBXBuildFile; fileRef = 3EB098192B4F58FF001EB346 /* Binding.swift */; };
		3ECB88EA2B37D2B000AEDB4D /* BetOption.swift in Sources */ = {isa = PBXBuildFile; fileRef = 3ECB88E92B37D2B000AEDB4D /* BetOption.swift */; };
		3EE9B5C12B4C4EEE00250045 /* Color.swift in Sources */ = {isa = PBXBuildFile; fileRef = 3EE9B5C02B4C4EEE00250045 /* Color.swift */; };
		3EE9B5C32B4C51FE00250045 /* BetButton.swift in Sources */ = {isa = PBXBuildFile; fileRef = 3EE9B5C22B4C51FE00250045 /* BetButton.swift */; };
		3EE9B5C52B4C71F100250045 /* String.swift in Sources */ = {isa = PBXBuildFile; fileRef = 3EE9B5C42B4C71F100250045 /* String.swift */; };
		3EE9B5C72B4C75BD00250045 /* BetViewModel.swift in Sources */ = {isa = PBXBuildFile; fileRef = 3EE9B5C62B4C75BD00250045 /* BetViewModel.swift */; };
		3EE9B5C92B4C84EE00250045 /* BetslipBar.swift in Sources */ = {isa = PBXBuildFile; fileRef = 3EE9B5C82B4C84EE00250045 /* BetslipBar.swift */; };
		3EE9B5CB2B4C881800250045 /* TabBarButton.swift in Sources */ = {isa = PBXBuildFile; fileRef = 3EE9B5CA2B4C881800250045 /* TabBarButton.swift */; };
		3EFF20FF2B388E0900952416 /* Bet.swift in Sources */ = {isa = PBXBuildFile; fileRef = 3EFF20FE2B388E0900952416 /* Bet.swift */; };
		3EFF21022B388EEE00952416 /* Double.swift in Sources */ = {isa = PBXBuildFile; fileRef = 3EFF21012B388EEE00952416 /* Double.swift */; };
		3EFF21042B388F2400952416 /* BetService.swift in Sources */ = {isa = PBXBuildFile; fileRef = 3EFF21032B388F2400952416 /* BetService.swift */; };
		3EFF21072B3893D500952416 /* MatchupRow.swift in Sources */ = {isa = PBXBuildFile; fileRef = 3EFF21062B3893D500952416 /* MatchupRow.swift */; };
		3EFF2FAD2B46007000D3CE14 /* CreateLeagueView.swift in Sources */ = {isa = PBXBuildFile; fileRef = 3EFF2FAC2B46007000D3CE14 /* CreateLeagueView.swift */; };
/* End PBXBuildFile section */

/* Begin PBXContainerItemProxy section */
		3E9256A72B3E04310088E501 /* PBXContainerItemProxy */ = {
			isa = PBXContainerItemProxy;
			containerPortal = 3E98740C2B37159E00A8FAF1 /* Project object */;
			proxyType = 1;
			remoteGlobalIDString = 3E9874132B37159E00A8FAF1;
			remoteInfo = Lochness;
		};
/* End PBXContainerItemProxy section */

/* Begin PBXFileReference section */
		3E14A45A2B44568E00E344A1 /* League.swift */ = {isa = PBXFileReference; lastKnownFileType = sourcecode.swift; path = League.swift; sourceTree = "<group>"; };
		3E14A45C2B44570E00E344A1 /* LeagueService.swift */ = {isa = PBXFileReference; lastKnownFileType = sourcecode.swift; path = LeagueService.swift; sourceTree = "<group>"; };
		3E14A45E2B44616500E344A1 /* Contest.swift */ = {isa = PBXFileReference; lastKnownFileType = sourcecode.swift; path = Contest.swift; sourceTree = "<group>"; };
		3E14A4602B44662400E344A1 /* ContestService.swift */ = {isa = PBXFileReference; lastKnownFileType = sourcecode.swift; path = ContestService.swift; sourceTree = "<group>"; };
		3E411AC72B3EFC5000018750 /* User.swift */ = {isa = PBXFileReference; lastKnownFileType = sourcecode.swift; path = User.swift; sourceTree = "<group>"; };
		3E411AC92B3EFF9600018750 /* UserService.swift */ = {isa = PBXFileReference; lastKnownFileType = sourcecode.swift; path = UserService.swift; sourceTree = "<group>"; };
		3E411ACB2B3F075700018750 /* BetComponent.swift */ = {isa = PBXFileReference; lastKnownFileType = sourcecode.swift; path = BetComponent.swift; sourceTree = "<group>"; };
		3E51AD052B3C5FD10059E23C /* nflOddsData.json */ = {isa = PBXFileReference; lastKnownFileType = text.json; path = nflOddsData.json; sourceTree = "<group>"; };
		3E51AD072B3C7E170059E23C /* Preview.swift */ = {isa = PBXFileReference; lastKnownFileType = sourcecode.swift; path = Preview.swift; sourceTree = "<group>"; };
		3E51AD092B3C88AA0059E23C /* GoogleService-Info.plist */ = {isa = PBXFileReference; fileEncoding = 4; lastKnownFileType = text.plist.xml; path = "GoogleService-Info.plist"; sourceTree = "<group>"; };
		3E5C23222B3CAB6000B642BB /* FirebaseManager.swift */ = {isa = PBXFileReference; lastKnownFileType = sourcecode.swift; path = FirebaseManager.swift; sourceTree = "<group>"; };
		3E5C23262B3CBD1D00B642BB /* nflScoresData.json */ = {isa = PBXFileReference; lastKnownFileType = text.json; path = nflScoresData.json; sourceTree = "<group>"; };
		3E5C23282B3CC4B200B642BB /* ScoreService.swift */ = {isa = PBXFileReference; lastKnownFileType = sourcecode.swift; path = ScoreService.swift; sourceTree = "<group>"; };
		3E5C232A2B3CC98500B642BB /* Score.swift */ = {isa = PBXFileReference; lastKnownFileType = sourcecode.swift; path = Score.swift; sourceTree = "<group>"; };
		3E7F09372B47097900704D26 /* TextField.swift */ = {isa = PBXFileReference; lastKnownFileType = sourcecode.swift; path = TextField.swift; sourceTree = "<group>"; };
		3E92569E2B3E02E80088E501 /* LochnessTests.xctest */ = {isa = PBXFileReference; explicitFileType = wrapper.cfbundle; includeInIndex = 0; path = LochnessTests.xctest; sourceTree = BUILT_PRODUCTS_DIR; };
		3E9256A02B3E02E80088E501 /* LochnessTests.swift */ = {isa = PBXFileReference; lastKnownFileType = sourcecode.swift; path = LochnessTests.swift; sourceTree = "<group>"; };
		3E9256A52B3E03160088E501 /* GameServiceTests.swift */ = {isa = PBXFileReference; lastKnownFileType = sourcecode.swift; path = GameServiceTests.swift; sourceTree = "<group>"; };
		3E9256AC2B3E52520088E501 /* Helpers.swift */ = {isa = PBXFileReference; lastKnownFileType = sourcecode.swift; path = Helpers.swift; sourceTree = "<group>"; };
		3E9874142B37159E00A8FAF1 /* Lochness.app */ = {isa = PBXFileReference; explicitFileType = wrapper.application; includeInIndex = 0; path = Lochness.app; sourceTree = BUILT_PRODUCTS_DIR; };
		3E9874172B37159E00A8FAF1 /* LochnessApp.swift */ = {isa = PBXFileReference; lastKnownFileType = sourcecode.swift; path = LochnessApp.swift; sourceTree = "<group>"; };
		3E98741B2B37159F00A8FAF1 /* Assets.xcassets */ = {isa = PBXFileReference; lastKnownFileType = folder.assetcatalog; path = Assets.xcassets; sourceTree = "<group>"; };
		3E98741E2B37159F00A8FAF1 /* Preview Assets.xcassets */ = {isa = PBXFileReference; lastKnownFileType = folder.assetcatalog; path = "Preview Assets.xcassets"; sourceTree = "<group>"; };
		3E9874252B3715E900A8FAF1 /* HomeView.swift */ = {isa = PBXFileReference; lastKnownFileType = sourcecode.swift; path = HomeView.swift; sourceTree = "<group>"; };
		3E9874272B37160400A8FAF1 /* HomeViewModel.swift */ = {isa = PBXFileReference; lastKnownFileType = sourcecode.swift; path = HomeViewModel.swift; sourceTree = "<group>"; };
		3E9874292B37162900A8FAF1 /* GameService.swift */ = {isa = PBXFileReference; lastKnownFileType = sourcecode.swift; path = GameService.swift; sourceTree = "<group>"; };
		3E98742B2B37165400A8FAF1 /* Game.swift */ = {isa = PBXFileReference; lastKnownFileType = sourcecode.swift; path = Game.swift; sourceTree = "<group>"; };
		3E98742D2B37168C00A8FAF1 /* NetworkingManager.swift */ = {isa = PBXFileReference; lastKnownFileType = sourcecode.swift; path = NetworkingManager.swift; sourceTree = "<group>"; };
		3EB098152B4EF257001EB346 /* Betslip.swift */ = {isa = PBXFileReference; lastKnownFileType = sourcecode.swift; path = Betslip.swift; sourceTree = "<group>"; };
		3EB098192B4F58FF001EB346 /* Binding.swift */ = {isa = PBXFileReference; lastKnownFileType = sourcecode.swift; path = Binding.swift; sourceTree = "<group>"; };
		3ECB88E92B37D2B000AEDB4D /* BetOption.swift */ = {isa = PBXFileReference; lastKnownFileType = sourcecode.swift; path = BetOption.swift; sourceTree = "<group>"; };
		3EE9B5C02B4C4EEE00250045 /* Color.swift */ = {isa = PBXFileReference; lastKnownFileType = sourcecode.swift; path = Color.swift; sourceTree = "<group>"; };
		3EE9B5C22B4C51FE00250045 /* BetButton.swift */ = {isa = PBXFileReference; lastKnownFileType = sourcecode.swift; path = BetButton.swift; sourceTree = "<group>"; };
		3EE9B5C42B4C71F100250045 /* String.swift */ = {isa = PBXFileReference; lastKnownFileType = sourcecode.swift; path = String.swift; sourceTree = "<group>"; };
		3EE9B5C62B4C75BD00250045 /* BetViewModel.swift */ = {isa = PBXFileReference; lastKnownFileType = sourcecode.swift; path = BetViewModel.swift; sourceTree = "<group>"; };
		3EE9B5C82B4C84EE00250045 /* BetslipBar.swift */ = {isa = PBXFileReference; lastKnownFileType = sourcecode.swift; path = BetslipBar.swift; sourceTree = "<group>"; };
		3EE9B5CA2B4C881800250045 /* TabBarButton.swift */ = {isa = PBXFileReference; lastKnownFileType = sourcecode.swift; path = TabBarButton.swift; sourceTree = "<group>"; };
		3EFF20FE2B388E0900952416 /* Bet.swift */ = {isa = PBXFileReference; lastKnownFileType = sourcecode.swift; path = Bet.swift; sourceTree = "<group>"; };
		3EFF21012B388EEE00952416 /* Double.swift */ = {isa = PBXFileReference; lastKnownFileType = sourcecode.swift; path = Double.swift; sourceTree = "<group>"; };
		3EFF21032B388F2400952416 /* BetService.swift */ = {isa = PBXFileReference; lastKnownFileType = sourcecode.swift; path = BetService.swift; sourceTree = "<group>"; };
		3EFF21062B3893D500952416 /* MatchupRow.swift */ = {isa = PBXFileReference; lastKnownFileType = sourcecode.swift; path = MatchupRow.swift; sourceTree = "<group>"; };
		3EFF2FAC2B46007000D3CE14 /* CreateLeagueView.swift */ = {isa = PBXFileReference; lastKnownFileType = sourcecode.swift; path = CreateLeagueView.swift; sourceTree = "<group>"; };
/* End PBXFileReference section */

/* Begin PBXFrameworksBuildPhase section */
		3E92569B2B3E02E80088E501 /* Frameworks */ = {
			isa = PBXFrameworksBuildPhase;
			buildActionMask = 2147483647;
			files = (
			);
			runOnlyForDeploymentPostprocessing = 0;
		};
		3E9874112B37159E00A8FAF1 /* Frameworks */ = {
			isa = PBXFrameworksBuildPhase;
			buildActionMask = 2147483647;
			files = (
				3E51AD152B3C89510059E23C /* FirebaseFirestoreSwift in Frameworks */,
				3E51AD112B3C89510059E23C /* FirebaseDatabaseSwift in Frameworks */,
				3E51AD132B3C89510059E23C /* FirebaseFirestore in Frameworks */,
				3E51AD172B3C89510059E23C /* FirebaseFunctions in Frameworks */,
				3E51AD0F2B3C89510059E23C /* FirebaseDatabase in Frameworks */,
				3E51AD0D2B3C89510059E23C /* FirebaseAuth in Frameworks */,
			);
			runOnlyForDeploymentPostprocessing = 0;
		};
/* End PBXFrameworksBuildPhase section */

/* Begin PBXGroup section */
		3E92569F2B3E02E80088E501 /* LochnessTests */ = {
			isa = PBXGroup;
			children = (
				3E9256A52B3E03160088E501 /* GameServiceTests.swift */,
				3E9256A02B3E02E80088E501 /* LochnessTests.swift */,
			);
			path = LochnessTests;
			sourceTree = "<group>";
		};
		3E9256A92B3E04FC0088E501 /* Testing */ = {
			isa = PBXGroup;
			children = (
			);
			path = Testing;
			sourceTree = "<group>";
		};
		3E98740B2B37159E00A8FAF1 = {
			isa = PBXGroup;
			children = (
				3E9874162B37159E00A8FAF1 /* Lochness */,
				3E92569F2B3E02E80088E501 /* LochnessTests */,
				3E9874152B37159E00A8FAF1 /* Products */,
			);
			sourceTree = "<group>";
		};
		3E9874152B37159E00A8FAF1 /* Products */ = {
			isa = PBXGroup;
			children = (
				3E9874142B37159E00A8FAF1 /* Lochness.app */,
				3E92569E2B3E02E80088E501 /* LochnessTests.xctest */,
			);
			name = Products;
			sourceTree = "<group>";
		};
		3E9874162B37159E00A8FAF1 /* Lochness */ = {
			isa = PBXGroup;
			children = (
				3E9874172B37159E00A8FAF1 /* LochnessApp.swift */,
				3EFF21052B3893CD00952416 /* Components */,
				3EFF21002B388EE300952416 /* Extensions */,
				3E98742F2B3781E700A8FAF1 /* Models */,
				3E9874322B3781F900A8FAF1 /* ViewModels */,
				3E9874312B3781F500A8FAF1 /* Views */,
				3E9874332B3781FE00A8FAF1 /* Services */,
				3E9874342B37822E00A8FAF1 /* Utilities */,
				3E9256A92B3E04FC0088E501 /* Testing */,
				3E51AD092B3C88AA0059E23C /* GoogleService-Info.plist */,
				3E98741B2B37159F00A8FAF1 /* Assets.xcassets */,
				3E98741D2B37159F00A8FAF1 /* Preview Content */,
			);
			path = Lochness;
			sourceTree = "<group>";
		};
		3E98741D2B37159F00A8FAF1 /* Preview Content */ = {
			isa = PBXGroup;
			children = (
				3E98741E2B37159F00A8FAF1 /* Preview Assets.xcassets */,
			);
			path = "Preview Content";
			sourceTree = "<group>";
		};
		3E98742F2B3781E700A8FAF1 /* Models */ = {
			isa = PBXGroup;
			children = (
				3E98742B2B37165400A8FAF1 /* Game.swift */,
				3ECB88E92B37D2B000AEDB4D /* BetOption.swift */,
				3EFF20FE2B388E0900952416 /* Bet.swift */,
				3E5C232A2B3CC98500B642BB /* Score.swift */,
				3E411AC72B3EFC5000018750 /* User.swift */,
				3E14A45A2B44568E00E344A1 /* League.swift */,
				3E14A45E2B44616500E344A1 /* Contest.swift */,
			);
			path = Models;
			sourceTree = "<group>";
		};
		3E9874312B3781F500A8FAF1 /* Views */ = {
			isa = PBXGroup;
			children = (
				3E9874252B3715E900A8FAF1 /* HomeView.swift */,
				3EFF2FAC2B46007000D3CE14 /* CreateLeagueView.swift */,
				3EB098152B4EF257001EB346 /* Betslip.swift */,
			);
			path = Views;
			sourceTree = "<group>";
		};
		3E9874322B3781F900A8FAF1 /* ViewModels */ = {
			isa = PBXGroup;
			children = (
				3E9874272B37160400A8FAF1 /* HomeViewModel.swift */,
				3EE9B5C62B4C75BD00250045 /* BetViewModel.swift */,
			);
			path = ViewModels;
			sourceTree = "<group>";
		};
		3E9874332B3781FE00A8FAF1 /* Services */ = {
			isa = PBXGroup;
			children = (
				3E9874292B37162900A8FAF1 /* GameService.swift */,
				3EFF21032B388F2400952416 /* BetService.swift */,
				3E5C23282B3CC4B200B642BB /* ScoreService.swift */,
				3E411AC92B3EFF9600018750 /* UserService.swift */,
				3E14A45C2B44570E00E344A1 /* LeagueService.swift */,
				3E14A4602B44662400E344A1 /* ContestService.swift */,
			);
			path = Services;
			sourceTree = "<group>";
		};
		3E9874342B37822E00A8FAF1 /* Utilities */ = {
			isa = PBXGroup;
			children = (
				3E98742D2B37168C00A8FAF1 /* NetworkingManager.swift */,
				3E5C23222B3CAB6000B642BB /* FirebaseManager.swift */,
				3E51AD052B3C5FD10059E23C /* nflOddsData.json */,
				3E5C23262B3CBD1D00B642BB /* nflScoresData.json */,
				3E9256AC2B3E52520088E501 /* Helpers.swift */,
			);
			path = Utilities;
			sourceTree = "<group>";
		};
		3EFF21002B388EE300952416 /* Extensions */ = {
			isa = PBXGroup;
			children = (
				3EFF21012B388EEE00952416 /* Double.swift */,
				3E51AD072B3C7E170059E23C /* Preview.swift */,
				3E7F09372B47097900704D26 /* TextField.swift */,
				3EE9B5C02B4C4EEE00250045 /* Color.swift */,
				3EE9B5C42B4C71F100250045 /* String.swift */,
				3EB098192B4F58FF001EB346 /* Binding.swift */,
			);
			path = Extensions;
			sourceTree = "<group>";
		};
		3EFF21052B3893CD00952416 /* Components */ = {
			isa = PBXGroup;
			children = (
				3EFF21062B3893D500952416 /* MatchupRow.swift */,
				3E411ACB2B3F075700018750 /* BetComponent.swift */,
				3EE9B5C22B4C51FE00250045 /* BetButton.swift */,
				3EE9B5C82B4C84EE00250045 /* BetslipBar.swift */,
				3EE9B5CA2B4C881800250045 /* TabBarButton.swift */,
			);
			path = Components;
			sourceTree = "<group>";
		};
/* End PBXGroup section */

/* Begin PBXNativeTarget section */
		3E92569D2B3E02E80088E501 /* LochnessTests */ = {
			isa = PBXNativeTarget;
			buildConfigurationList = 3E9256A22B3E02E80088E501 /* Build configuration list for PBXNativeTarget "LochnessTests" */;
			buildPhases = (
				3E92569A2B3E02E80088E501 /* Sources */,
				3E92569B2B3E02E80088E501 /* Frameworks */,
				3E92569C2B3E02E80088E501 /* Resources */,
			);
			buildRules = (
			);
			dependencies = (
				3E9256A82B3E04310088E501 /* PBXTargetDependency */,
			);
			name = LochnessTests;
			productName = LochnessTests;
			productReference = 3E92569E2B3E02E80088E501 /* LochnessTests.xctest */;
			productType = "com.apple.product-type.bundle.unit-test";
		};
		3E9874132B37159E00A8FAF1 /* Lochness */ = {
			isa = PBXNativeTarget;
			buildConfigurationList = 3E9874222B37159F00A8FAF1 /* Build configuration list for PBXNativeTarget "Lochness" */;
			buildPhases = (
				3E9874102B37159E00A8FAF1 /* Sources */,
				3E9874112B37159E00A8FAF1 /* Frameworks */,
				3E9874122B37159E00A8FAF1 /* Resources */,
			);
			buildRules = (
			);
			dependencies = (
			);
			name = Lochness;
			packageProductDependencies = (
				3E51AD0C2B3C89510059E23C /* FirebaseAuth */,
				3E51AD0E2B3C89510059E23C /* FirebaseDatabase */,
				3E51AD102B3C89510059E23C /* FirebaseDatabaseSwift */,
				3E51AD122B3C89510059E23C /* FirebaseFirestore */,
				3E51AD142B3C89510059E23C /* FirebaseFirestoreSwift */,
				3E51AD162B3C89510059E23C /* FirebaseFunctions */,
			);
			productName = Lochness;
			productReference = 3E9874142B37159E00A8FAF1 /* Lochness.app */;
			productType = "com.apple.product-type.application";
		};
/* End PBXNativeTarget section */

/* Begin PBXProject section */
		3E98740C2B37159E00A8FAF1 /* Project object */ = {
			isa = PBXProject;
			attributes = {
				BuildIndependentTargetsInParallel = 1;
				LastSwiftUpdateCheck = 1510;
				LastUpgradeCheck = 1510;
				TargetAttributes = {
					3E92569D2B3E02E80088E501 = {
						CreatedOnToolsVersion = 15.1;
						TestTargetID = 3E9874132B37159E00A8FAF1;
					};
					3E9874132B37159E00A8FAF1 = {
						CreatedOnToolsVersion = 15.1;
					};
				};
			};
			buildConfigurationList = 3E98740F2B37159E00A8FAF1 /* Build configuration list for PBXProject "Lochness" */;
			compatibilityVersion = "Xcode 14.0";
			developmentRegion = en;
			hasScannedForEncodings = 0;
			knownRegions = (
				en,
				Base,
			);
			mainGroup = 3E98740B2B37159E00A8FAF1;
			packageReferences = (
				3E51AD0B2B3C89510059E23C /* XCRemoteSwiftPackageReference "firebase-ios-sdk" */,
			);
			productRefGroup = 3E9874152B37159E00A8FAF1 /* Products */;
			projectDirPath = "";
			projectRoot = "";
			targets = (
				3E9874132B37159E00A8FAF1 /* Lochness */,
				3E92569D2B3E02E80088E501 /* LochnessTests */,
			);
		};
/* End PBXProject section */

/* Begin PBXResourcesBuildPhase section */
		3E92569C2B3E02E80088E501 /* Resources */ = {
			isa = PBXResourcesBuildPhase;
			buildActionMask = 2147483647;
			files = (
			);
			runOnlyForDeploymentPostprocessing = 0;
		};
		3E9874122B37159E00A8FAF1 /* Resources */ = {
			isa = PBXResourcesBuildPhase;
			buildActionMask = 2147483647;
			files = (
				3E5C23272B3CBD1D00B642BB /* nflScoresData.json in Resources */,
				3E51AD062B3C5FD10059E23C /* nflOddsData.json in Resources */,
				3E51AD0A2B3C88AA0059E23C /* GoogleService-Info.plist in Resources */,
				3E98741F2B37159F00A8FAF1 /* Preview Assets.xcassets in Resources */,
				3E98741C2B37159F00A8FAF1 /* Assets.xcassets in Resources */,
			);
			runOnlyForDeploymentPostprocessing = 0;
		};
/* End PBXResourcesBuildPhase section */

/* Begin PBXSourcesBuildPhase section */
		3E92569A2B3E02E80088E501 /* Sources */ = {
			isa = PBXSourcesBuildPhase;
			buildActionMask = 2147483647;
			files = (
				3E9256A12B3E02E80088E501 /* LochnessTests.swift in Sources */,
				3E9256A62B3E03160088E501 /* GameServiceTests.swift in Sources */,
			);
			runOnlyForDeploymentPostprocessing = 0;
		};
		3E9874102B37159E00A8FAF1 /* Sources */ = {
			isa = PBXSourcesBuildPhase;
			buildActionMask = 2147483647;
			files = (
				3E411ACC2B3F075700018750 /* BetComponent.swift in Sources */,
				3E5C23232B3CAB6000B642BB /* FirebaseManager.swift in Sources */,
				3E9874262B3715E900A8FAF1 /* HomeView.swift in Sources */,
				3EE9B5C92B4C84EE00250045 /* BetslipBar.swift in Sources */,
				3E411ACA2B3EFF9600018750 /* UserService.swift in Sources */,
				3E14A45D2B44570E00E344A1 /* LeagueService.swift in Sources */,
				3EE9B5CB2B4C881800250045 /* TabBarButton.swift in Sources */,
				3E98742C2B37165400A8FAF1 /* Game.swift in Sources */,
				3E98742A2B37162900A8FAF1 /* GameService.swift in Sources */,
				3E5C232B2B3CC98500B642BB /* Score.swift in Sources */,
				3E9874182B37159E00A8FAF1 /* LochnessApp.swift in Sources */,
				3EB0981A2B4F58FF001EB346 /* Binding.swift in Sources */,
				3E9874282B37160400A8FAF1 /* HomeViewModel.swift in Sources */,
				3E14A4612B44662400E344A1 /* ContestService.swift in Sources */,
				3EFF2FAD2B46007000D3CE14 /* CreateLeagueView.swift in Sources */,
				3E411AC82B3EFC5000018750 /* User.swift in Sources */,
				3ECB88EA2B37D2B000AEDB4D /* BetOption.swift in Sources */,
				3E14A45F2B44616500E344A1 /* Contest.swift in Sources */,
				3EFF21072B3893D500952416 /* MatchupRow.swift in Sources */,
				3E98742E2B37168C00A8FAF1 /* NetworkingManager.swift in Sources */,
				3EE9B5C12B4C4EEE00250045 /* Color.swift in Sources */,
				3EE9B5C52B4C71F100250045 /* String.swift in Sources */,
				3EFF21022B388EEE00952416 /* Double.swift in Sources */,
				3E7F09382B47097900704D26 /* TextField.swift in Sources */,
				3E9256AD2B3E52520088E501 /* Helpers.swift in Sources */,
				3EFF20FF2B388E0900952416 /* Bet.swift in Sources */,
				3E51AD082B3C7E170059E23C /* Preview.swift in Sources */,
				3EE9B5C32B4C51FE00250045 /* BetButton.swift in Sources */,
				3EB098162B4EF257001EB346 /* Betslip.swift in Sources */,
				3E5C23292B3CC4B200B642BB /* ScoreService.swift in Sources */,
				3EE9B5C72B4C75BD00250045 /* BetViewModel.swift in Sources */,
				3E14A45B2B44568E00E344A1 /* League.swift in Sources */,
				3EFF21042B388F2400952416 /* BetService.swift in Sources */,
			);
			runOnlyForDeploymentPostprocessing = 0;
		};
/* End PBXSourcesBuildPhase section */

/* Begin PBXTargetDependency section */
		3E9256A82B3E04310088E501 /* PBXTargetDependency */ = {
			isa = PBXTargetDependency;
			target = 3E9874132B37159E00A8FAF1 /* Lochness */;
			targetProxy = 3E9256A72B3E04310088E501 /* PBXContainerItemProxy */;
		};
/* End PBXTargetDependency section */

/* Begin XCBuildConfiguration section */
		3E9256A32B3E02E80088E501 /* Debug */ = {
			isa = XCBuildConfiguration;
			buildSettings = {
				BUNDLE_LOADER = "$(TEST_HOST)";
				CODE_SIGN_STYLE = Automatic;
				CURRENT_PROJECT_VERSION = 1;
				DEVELOPMENT_TEAM = G9RPYMS2PA;
				GENERATE_INFOPLIST_FILE = YES;
				IPHONEOS_DEPLOYMENT_TARGET = 17.0;
				MARKETING_VERSION = 1.0;
				PRODUCT_BUNDLE_IDENTIFIER = com.devsmond.LochnessTests;
				PRODUCT_NAME = "$(TARGET_NAME)";
				SDKROOT = appletvos;
				SUPPORTED_PLATFORMS = "iphoneos iphonesimulator";
				SUPPORTS_MACCATALYST = NO;
				SWIFT_EMIT_LOC_STRINGS = NO;
				SWIFT_VERSION = 5.0;
				TARGETED_DEVICE_FAMILY = 1;
				TEST_HOST = "$(BUILT_PRODUCTS_DIR)/Lochness.app/$(BUNDLE_EXECUTABLE_FOLDER_PATH)/Lochness";
				TVOS_DEPLOYMENT_TARGET = 17.2;
			};
			name = Debug;
		};
		3E9256A42B3E02E80088E501 /* Release */ = {
			isa = XCBuildConfiguration;
			buildSettings = {
				BUNDLE_LOADER = "$(TEST_HOST)";
				CODE_SIGN_STYLE = Automatic;
				CURRENT_PROJECT_VERSION = 1;
				DEVELOPMENT_TEAM = G9RPYMS2PA;
				GENERATE_INFOPLIST_FILE = YES;
				IPHONEOS_DEPLOYMENT_TARGET = 17.0;
				MARKETING_VERSION = 1.0;
				PRODUCT_BUNDLE_IDENTIFIER = com.devsmond.LochnessTests;
				PRODUCT_NAME = "$(TARGET_NAME)";
				SDKROOT = appletvos;
				SUPPORTED_PLATFORMS = "iphoneos iphonesimulator";
				SUPPORTS_MACCATALYST = NO;
				SWIFT_EMIT_LOC_STRINGS = NO;
				SWIFT_VERSION = 5.0;
				TARGETED_DEVICE_FAMILY = 1;
				TEST_HOST = "$(BUILT_PRODUCTS_DIR)/Lochness.app/$(BUNDLE_EXECUTABLE_FOLDER_PATH)/Lochness";
				TVOS_DEPLOYMENT_TARGET = 17.2;
			};
			name = Release;
		};
		3E9874202B37159F00A8FAF1 /* Debug */ = {
			isa = XCBuildConfiguration;
			buildSettings = {
				ALWAYS_SEARCH_USER_PATHS = NO;
				ASSETCATALOG_COMPILER_GENERATE_SWIFT_ASSET_SYMBOL_EXTENSIONS = YES;
				CLANG_ANALYZER_NONNULL = YES;
				CLANG_ANALYZER_NUMBER_OBJECT_CONVERSION = YES_AGGRESSIVE;
				CLANG_CXX_LANGUAGE_STANDARD = "gnu++20";
				CLANG_ENABLE_MODULES = YES;
				CLANG_ENABLE_OBJC_ARC = YES;
				CLANG_ENABLE_OBJC_WEAK = YES;
				CLANG_WARN_BLOCK_CAPTURE_AUTORELEASING = YES;
				CLANG_WARN_BOOL_CONVERSION = YES;
				CLANG_WARN_COMMA = YES;
				CLANG_WARN_CONSTANT_CONVERSION = YES;
				CLANG_WARN_DEPRECATED_OBJC_IMPLEMENTATIONS = YES;
				CLANG_WARN_DIRECT_OBJC_ISA_USAGE = YES_ERROR;
				CLANG_WARN_DOCUMENTATION_COMMENTS = YES;
				CLANG_WARN_EMPTY_BODY = YES;
				CLANG_WARN_ENUM_CONVERSION = YES;
				CLANG_WARN_INFINITE_RECURSION = YES;
				CLANG_WARN_INT_CONVERSION = YES;
				CLANG_WARN_NON_LITERAL_NULL_CONVERSION = YES;
				CLANG_WARN_OBJC_IMPLICIT_RETAIN_SELF = YES;
				CLANG_WARN_OBJC_LITERAL_CONVERSION = YES;
				CLANG_WARN_OBJC_ROOT_CLASS = YES_ERROR;
				CLANG_WARN_QUOTED_INCLUDE_IN_FRAMEWORK_HEADER = YES;
				CLANG_WARN_RANGE_LOOP_ANALYSIS = YES;
				CLANG_WARN_STRICT_PROTOTYPES = YES;
				CLANG_WARN_SUSPICIOUS_MOVE = YES;
				CLANG_WARN_UNGUARDED_AVAILABILITY = YES_AGGRESSIVE;
				CLANG_WARN_UNREACHABLE_CODE = YES;
				CLANG_WARN__DUPLICATE_METHOD_MATCH = YES;
				COPY_PHASE_STRIP = NO;
				DEBUG_INFORMATION_FORMAT = dwarf;
				ENABLE_STRICT_OBJC_MSGSEND = YES;
				ENABLE_TESTABILITY = YES;
				ENABLE_USER_SCRIPT_SANDBOXING = YES;
				GCC_C_LANGUAGE_STANDARD = gnu17;
				GCC_DYNAMIC_NO_PIC = NO;
				GCC_NO_COMMON_BLOCKS = YES;
				GCC_OPTIMIZATION_LEVEL = 0;
				GCC_PREPROCESSOR_DEFINITIONS = (
					"DEBUG=1",
					"$(inherited)",
				);
				GCC_WARN_64_TO_32_BIT_CONVERSION = YES;
				GCC_WARN_ABOUT_RETURN_TYPE = YES_ERROR;
				GCC_WARN_UNDECLARED_SELECTOR = YES;
				GCC_WARN_UNINITIALIZED_AUTOS = YES_AGGRESSIVE;
				GCC_WARN_UNUSED_FUNCTION = YES;
				GCC_WARN_UNUSED_VARIABLE = YES;
				IPHONEOS_DEPLOYMENT_TARGET = 17.0;
				LOCALIZATION_PREFERS_STRING_CATALOGS = YES;
				MTL_ENABLE_DEBUG_INFO = INCLUDE_SOURCE;
				MTL_FAST_MATH = YES;
				ONLY_ACTIVE_ARCH = YES;
				SDKROOT = iphoneos;
				SWIFT_ACTIVE_COMPILATION_CONDITIONS = "DEBUG $(inherited)";
				SWIFT_OPTIMIZATION_LEVEL = "-Onone";
			};
			name = Debug;
		};
		3E9874212B37159F00A8FAF1 /* Release */ = {
			isa = XCBuildConfiguration;
			buildSettings = {
				ALWAYS_SEARCH_USER_PATHS = NO;
				ASSETCATALOG_COMPILER_GENERATE_SWIFT_ASSET_SYMBOL_EXTENSIONS = YES;
				CLANG_ANALYZER_NONNULL = YES;
				CLANG_ANALYZER_NUMBER_OBJECT_CONVERSION = YES_AGGRESSIVE;
				CLANG_CXX_LANGUAGE_STANDARD = "gnu++20";
				CLANG_ENABLE_MODULES = YES;
				CLANG_ENABLE_OBJC_ARC = YES;
				CLANG_ENABLE_OBJC_WEAK = YES;
				CLANG_WARN_BLOCK_CAPTURE_AUTORELEASING = YES;
				CLANG_WARN_BOOL_CONVERSION = YES;
				CLANG_WARN_COMMA = YES;
				CLANG_WARN_CONSTANT_CONVERSION = YES;
				CLANG_WARN_DEPRECATED_OBJC_IMPLEMENTATIONS = YES;
				CLANG_WARN_DIRECT_OBJC_ISA_USAGE = YES_ERROR;
				CLANG_WARN_DOCUMENTATION_COMMENTS = YES;
				CLANG_WARN_EMPTY_BODY = YES;
				CLANG_WARN_ENUM_CONVERSION = YES;
				CLANG_WARN_INFINITE_RECURSION = YES;
				CLANG_WARN_INT_CONVERSION = YES;
				CLANG_WARN_NON_LITERAL_NULL_CONVERSION = YES;
				CLANG_WARN_OBJC_IMPLICIT_RETAIN_SELF = YES;
				CLANG_WARN_OBJC_LITERAL_CONVERSION = YES;
				CLANG_WARN_OBJC_ROOT_CLASS = YES_ERROR;
				CLANG_WARN_QUOTED_INCLUDE_IN_FRAMEWORK_HEADER = YES;
				CLANG_WARN_RANGE_LOOP_ANALYSIS = YES;
				CLANG_WARN_STRICT_PROTOTYPES = YES;
				CLANG_WARN_SUSPICIOUS_MOVE = YES;
				CLANG_WARN_UNGUARDED_AVAILABILITY = YES_AGGRESSIVE;
				CLANG_WARN_UNREACHABLE_CODE = YES;
				CLANG_WARN__DUPLICATE_METHOD_MATCH = YES;
				COPY_PHASE_STRIP = NO;
				DEBUG_INFORMATION_FORMAT = "dwarf-with-dsym";
				ENABLE_NS_ASSERTIONS = NO;
				ENABLE_STRICT_OBJC_MSGSEND = YES;
				ENABLE_USER_SCRIPT_SANDBOXING = YES;
				GCC_C_LANGUAGE_STANDARD = gnu17;
				GCC_NO_COMMON_BLOCKS = YES;
				GCC_WARN_64_TO_32_BIT_CONVERSION = YES;
				GCC_WARN_ABOUT_RETURN_TYPE = YES_ERROR;
				GCC_WARN_UNDECLARED_SELECTOR = YES;
				GCC_WARN_UNINITIALIZED_AUTOS = YES_AGGRESSIVE;
				GCC_WARN_UNUSED_FUNCTION = YES;
				GCC_WARN_UNUSED_VARIABLE = YES;
				IPHONEOS_DEPLOYMENT_TARGET = 17.0;
				LOCALIZATION_PREFERS_STRING_CATALOGS = YES;
				MTL_ENABLE_DEBUG_INFO = NO;
				MTL_FAST_MATH = YES;
				SDKROOT = iphoneos;
				SWIFT_COMPILATION_MODE = wholemodule;
				VALIDATE_PRODUCT = YES;
			};
			name = Release;
		};
		3E9874232B37159F00A8FAF1 /* Debug */ = {
			isa = XCBuildConfiguration;
			buildSettings = {
				ASSETCATALOG_COMPILER_APPICON_NAME = AppIcon;
				ASSETCATALOG_COMPILER_GLOBAL_ACCENT_COLOR_NAME = AccentColor;
				CODE_SIGN_STYLE = Automatic;
				CURRENT_PROJECT_VERSION = 1;
				DEVELOPMENT_ASSET_PATHS = "\"Lochness/Preview Content\"";
				DEVELOPMENT_TEAM = G9RPYMS2PA;
				ENABLE_PREVIEWS = YES;
				GENERATE_INFOPLIST_FILE = YES;
				INFOPLIST_KEY_UIApplicationSceneManifest_Generation = YES;
				INFOPLIST_KEY_UIApplicationSupportsIndirectInputEvents = YES;
				INFOPLIST_KEY_UILaunchScreen_Generation = YES;
				INFOPLIST_KEY_UISupportedInterfaceOrientations_iPad = "UIInterfaceOrientationPortrait UIInterfaceOrientationPortraitUpsideDown UIInterfaceOrientationLandscapeLeft UIInterfaceOrientationLandscapeRight";
				INFOPLIST_KEY_UISupportedInterfaceOrientations_iPhone = "UIInterfaceOrientationPortrait UIInterfaceOrientationLandscapeLeft UIInterfaceOrientationLandscapeRight";
				IPHONEOS_DEPLOYMENT_TARGET = 17.0;
				LD_RUNPATH_SEARCH_PATHS = (
					"$(inherited)",
					"@executable_path/Frameworks",
				);
				MARKETING_VERSION = 1.0;
				PRODUCT_BUNDLE_IDENTIFIER = com.devsmond.Lochness;
				PRODUCT_NAME = "$(TARGET_NAME)";
				SWIFT_EMIT_LOC_STRINGS = YES;
				SWIFT_VERSION = 5.0;
				TARGETED_DEVICE_FAMILY = "1,2";
			};
			name = Debug;
		};
		3E9874242B37159F00A8FAF1 /* Release */ = {
			isa = XCBuildConfiguration;
			buildSettings = {
				ASSETCATALOG_COMPILER_APPICON_NAME = AppIcon;
				ASSETCATALOG_COMPILER_GLOBAL_ACCENT_COLOR_NAME = AccentColor;
				CODE_SIGN_STYLE = Automatic;
				CURRENT_PROJECT_VERSION = 1;
				DEVELOPMENT_ASSET_PATHS = "\"Lochness/Preview Content\"";
				DEVELOPMENT_TEAM = G9RPYMS2PA;
				ENABLE_PREVIEWS = YES;
				GENERATE_INFOPLIST_FILE = YES;
				INFOPLIST_KEY_UIApplicationSceneManifest_Generation = YES;
				INFOPLIST_KEY_UIApplicationSupportsIndirectInputEvents = YES;
				INFOPLIST_KEY_UILaunchScreen_Generation = YES;
				INFOPLIST_KEY_UISupportedInterfaceOrientations_iPad = "UIInterfaceOrientationPortrait UIInterfaceOrientationPortraitUpsideDown UIInterfaceOrientationLandscapeLeft UIInterfaceOrientationLandscapeRight";
				INFOPLIST_KEY_UISupportedInterfaceOrientations_iPhone = "UIInterfaceOrientationPortrait UIInterfaceOrientationLandscapeLeft UIInterfaceOrientationLandscapeRight";
				IPHONEOS_DEPLOYMENT_TARGET = 17.0;
				LD_RUNPATH_SEARCH_PATHS = (
					"$(inherited)",
					"@executable_path/Frameworks",
				);
				MARKETING_VERSION = 1.0;
				PRODUCT_BUNDLE_IDENTIFIER = com.devsmond.Lochness;
				PRODUCT_NAME = "$(TARGET_NAME)";
				SWIFT_EMIT_LOC_STRINGS = YES;
				SWIFT_VERSION = 5.0;
				TARGETED_DEVICE_FAMILY = "1,2";
			};
			name = Release;
		};
/* End XCBuildConfiguration section */

/* Begin XCConfigurationList section */
		3E9256A22B3E02E80088E501 /* Build configuration list for PBXNativeTarget "LochnessTests" */ = {
			isa = XCConfigurationList;
			buildConfigurations = (
				3E9256A32B3E02E80088E501 /* Debug */,
				3E9256A42B3E02E80088E501 /* Release */,
			);
			defaultConfigurationIsVisible = 0;
			defaultConfigurationName = Release;
		};
		3E98740F2B37159E00A8FAF1 /* Build configuration list for PBXProject "Lochness" */ = {
			isa = XCConfigurationList;
			buildConfigurations = (
				3E9874202B37159F00A8FAF1 /* Debug */,
				3E9874212B37159F00A8FAF1 /* Release */,
			);
			defaultConfigurationIsVisible = 0;
			defaultConfigurationName = Release;
		};
		3E9874222B37159F00A8FAF1 /* Build configuration list for PBXNativeTarget "Lochness" */ = {
			isa = XCConfigurationList;
			buildConfigurations = (
				3E9874232B37159F00A8FAF1 /* Debug */,
				3E9874242B37159F00A8FAF1 /* Release */,
			);
			defaultConfigurationIsVisible = 0;
			defaultConfigurationName = Release;
		};
/* End XCConfigurationList section */

/* Begin XCRemoteSwiftPackageReference section */
		3E51AD0B2B3C89510059E23C /* XCRemoteSwiftPackageReference "firebase-ios-sdk" */ = {
			isa = XCRemoteSwiftPackageReference;
			repositoryURL = "https://github.com/firebase/firebase-ios-sdk";
			requirement = {
				kind = upToNextMajorVersion;
				minimumVersion = 10.19.1;
			};
		};
/* End XCRemoteSwiftPackageReference section */

/* Begin XCSwiftPackageProductDependency section */
		3E51AD0C2B3C89510059E23C /* FirebaseAuth */ = {
			isa = XCSwiftPackageProductDependency;
			package = 3E51AD0B2B3C89510059E23C /* XCRemoteSwiftPackageReference "firebase-ios-sdk" */;
			productName = FirebaseAuth;
		};
		3E51AD0E2B3C89510059E23C /* FirebaseDatabase */ = {
			isa = XCSwiftPackageProductDependency;
			package = 3E51AD0B2B3C89510059E23C /* XCRemoteSwiftPackageReference "firebase-ios-sdk" */;
			productName = FirebaseDatabase;
		};
		3E51AD102B3C89510059E23C /* FirebaseDatabaseSwift */ = {
			isa = XCSwiftPackageProductDependency;
			package = 3E51AD0B2B3C89510059E23C /* XCRemoteSwiftPackageReference "firebase-ios-sdk" */;
			productName = FirebaseDatabaseSwift;
		};
		3E51AD122B3C89510059E23C /* FirebaseFirestore */ = {
			isa = XCSwiftPackageProductDependency;
			package = 3E51AD0B2B3C89510059E23C /* XCRemoteSwiftPackageReference "firebase-ios-sdk" */;
			productName = FirebaseFirestore;
		};
		3E51AD142B3C89510059E23C /* FirebaseFirestoreSwift */ = {
			isa = XCSwiftPackageProductDependency;
			package = 3E51AD0B2B3C89510059E23C /* XCRemoteSwiftPackageReference "firebase-ios-sdk" */;
			productName = FirebaseFirestoreSwift;
		};
		3E51AD162B3C89510059E23C /* FirebaseFunctions */ = {
			isa = XCSwiftPackageProductDependency;
			package = 3E51AD0B2B3C89510059E23C /* XCRemoteSwiftPackageReference "firebase-ios-sdk" */;
			productName = FirebaseFunctions;
		};
/* End XCSwiftPackageProductDependency section */
	};
	rootObject = 3E98740C2B37159E00A8FAF1 /* Project object */;
}
